// !$*UTF8*$!
{
	archiveVersion = 1;
	classes = {
	};
	objectVersion = 46;
	objects = {

/* Begin PBXBuildFile section */
		FC0351BA1C5FA16000341BB3 /* Command.swift in Sources */ = {isa = PBXBuildFile; fileRef = FC0351B91C5FA16000341BB3 /* Command.swift */; };
		FC0351BB1C5FA16000341BB3 /* Command.swift in Sources */ = {isa = PBXBuildFile; fileRef = FC0351B91C5FA16000341BB3 /* Command.swift */; };
		FC0351BD1C60F05400341BB3 /* CommandTests.swift in Sources */ = {isa = PBXBuildFile; fileRef = FC0351BC1C60F05400341BB3 /* CommandTests.swift */; };
		FC0351BF1C62414400341BB3 /* Leap.swift in Sources */ = {isa = PBXBuildFile; fileRef = FC0351BE1C62414400341BB3 /* Leap.swift */; };
		FC0351C01C62414400341BB3 /* Leap.swift in Sources */ = {isa = PBXBuildFile; fileRef = FC0351BE1C62414400341BB3 /* Leap.swift */; };
		FC0B91D81C63932900BADED4 /* FloatingWindow.swift in Sources */ = {isa = PBXBuildFile; fileRef = FC0B91D71C63932900BADED4 /* FloatingWindow.swift */; };
		FC0B91DA1C63976900BADED4 /* LeapImage.swift in Sources */ = {isa = PBXBuildFile; fileRef = FC0B91D91C63976900BADED4 /* LeapImage.swift */; };
		FC0B91DE1C65345700BADED4 /* FloatingWindow.swift in Sources */ = {isa = PBXBuildFile; fileRef = FC0B91D71C63932900BADED4 /* FloatingWindow.swift */; };
		FC0B91DF1C65345D00BADED4 /* LeapImage.swift in Sources */ = {isa = PBXBuildFile; fileRef = FC0B91D91C63976900BADED4 /* LeapImage.swift */; };
		FC44700F1C6558C200A7635E /* main.swift in Sources */ = {isa = PBXBuildFile; fileRef = FC4656D81C5D21710069EA6F /* main.swift */; };
		FC4656D91C5D21710069EA6F /* main.swift in Sources */ = {isa = PBXBuildFile; fileRef = FC4656D81C5D21710069EA6F /* main.swift */; };
		FCC248CE1C654DDC00984E72 /* SparkleImage.swift in Sources */ = {isa = PBXBuildFile; fileRef = FCC248CD1C654DDC00984E72 /* SparkleImage.swift */; };
		FCC248CF1C654DDC00984E72 /* SparkleImage.swift in Sources */ = {isa = PBXBuildFile; fileRef = FCC248CD1C654DDC00984E72 /* SparkleImage.swift */; };
		FCC248D11C654E1D00984E72 /* UnicornImage.swift in Sources */ = {isa = PBXBuildFile; fileRef = FCC248D01C654E1D00984E72 /* UnicornImage.swift */; };
		FCC248D21C654E1D00984E72 /* UnicornImage.swift in Sources */ = {isa = PBXBuildFile; fileRef = FCC248D01C654E1D00984E72 /* UnicornImage.swift */; };
/* End PBXBuildFile section */

/* Begin PBXCopyFilesBuildPhase section */
		FC4656D31C5D21710069EA6F /* CopyFiles */ = {
			isa = PBXCopyFilesBuildPhase;
			buildActionMask = 2147483647;
			dstPath = /usr/share/man/man1/;
			dstSubfolderSpec = 0;
			files = (
			);
			runOnlyForDeploymentPostprocessing = 1;
		};
/* End PBXCopyFilesBuildPhase section */

/* Begin PBXFileReference section */
		FC0351B11C5D7B7F00341BB3 /* UnicornLeapTests.xctest */ = {isa = PBXFileReference; explicitFileType = wrapper.cfbundle; includeInIndex = 0; path = UnicornLeapTests.xctest; sourceTree = BUILT_PRODUCTS_DIR; };
		FC0351B51C5D7B7F00341BB3 /* Info.plist */ = {isa = PBXFileReference; lastKnownFileType = text.plist.xml; path = Info.plist; sourceTree = "<group>"; };
		FC0351B91C5FA16000341BB3 /* Command.swift */ = {isa = PBXFileReference; fileEncoding = 4; lastKnownFileType = sourcecode.swift; path = Command.swift; sourceTree = "<group>"; };
		FC0351BC1C60F05400341BB3 /* CommandTests.swift */ = {isa = PBXFileReference; fileEncoding = 4; lastKnownFileType = sourcecode.swift; path = CommandTests.swift; sourceTree = "<group>"; };
		FC0351BE1C62414400341BB3 /* Leap.swift */ = {isa = PBXFileReference; fileEncoding = 4; lastKnownFileType = sourcecode.swift; path = Leap.swift; sourceTree = "<group>"; };
		FC0B91D71C63932900BADED4 /* FloatingWindow.swift */ = {isa = PBXFileReference; fileEncoding = 4; lastKnownFileType = sourcecode.swift; path = FloatingWindow.swift; sourceTree = "<group>"; };
		FC0B91D91C63976900BADED4 /* LeapImage.swift */ = {isa = PBXFileReference; fileEncoding = 4; lastKnownFileType = sourcecode.swift; path = LeapImage.swift; sourceTree = "<group>"; };
		FC4656D51C5D21710069EA6F /* UnicornLeap */ = {isa = PBXFileReference; explicitFileType = "compiled.mach-o.executable"; includeInIndex = 0; path = UnicornLeap; sourceTree = BUILT_PRODUCTS_DIR; };
		FC4656D81C5D21710069EA6F /* main.swift */ = {isa = PBXFileReference; lastKnownFileType = sourcecode.swift; path = main.swift; sourceTree = "<group>"; };
		FCC248CD1C654DDC00984E72 /* SparkleImage.swift */ = {isa = PBXFileReference; fileEncoding = 4; lastKnownFileType = sourcecode.swift; path = SparkleImage.swift; sourceTree = "<group>"; };
		FCC248D01C654E1D00984E72 /* UnicornImage.swift */ = {isa = PBXFileReference; fileEncoding = 4; lastKnownFileType = sourcecode.swift; path = UnicornImage.swift; sourceTree = "<group>"; };
/* End PBXFileReference section */

/* Begin PBXFrameworksBuildPhase section */
		FC0351AE1C5D7B7F00341BB3 /* Frameworks */ = {
			isa = PBXFrameworksBuildPhase;
			buildActionMask = 2147483647;
			files = (
			);
			runOnlyForDeploymentPostprocessing = 0;
		};
		FC4656D21C5D21710069EA6F /* Frameworks */ = {
			isa = PBXFrameworksBuildPhase;
			buildActionMask = 2147483647;
			files = (
			);
			runOnlyForDeploymentPostprocessing = 0;
		};
/* End PBXFrameworksBuildPhase section */

/* Begin PBXGroup section */
		FC0351B21C5D7B7F00341BB3 /* UnicornLeapTests */ = {
			isa = PBXGroup;
			children = (
				FC0351B51C5D7B7F00341BB3 /* Info.plist */,
				FC0351BC1C60F05400341BB3 /* CommandTests.swift */,
			);
			path = UnicornLeapTests;
			sourceTree = "<group>";
		};
		FC4656CC1C5D21710069EA6F = {
			isa = PBXGroup;
			children = (
				FC4656D71C5D21710069EA6F /* UnicornLeap */,
				FC0351B21C5D7B7F00341BB3 /* UnicornLeapTests */,
				FC4656D61C5D21710069EA6F /* Products */,
			);
			sourceTree = "<group>";
		};
		FC4656D61C5D21710069EA6F /* Products */ = {
			isa = PBXGroup;
			children = (
				FC4656D51C5D21710069EA6F /* UnicornLeap */,
				FC0351B11C5D7B7F00341BB3 /* UnicornLeapTests.xctest */,
			);
			name = Products;
			sourceTree = "<group>";
		};
		FC4656D71C5D21710069EA6F /* UnicornLeap */ = {
			isa = PBXGroup;
			children = (
				FC0351B91C5FA16000341BB3 /* Command.swift */,
				FC0B91D71C63932900BADED4 /* FloatingWindow.swift */,
				FC0351BE1C62414400341BB3 /* Leap.swift */,
				FC0B91D91C63976900BADED4 /* LeapImage.swift */,
				FC4656D81C5D21710069EA6F /* main.swift */,
				FCC248CD1C654DDC00984E72 /* SparkleImage.swift */,
				FCC248D01C654E1D00984E72 /* UnicornImage.swift */,
			);
			path = UnicornLeap;
			sourceTree = "<group>";
		};
/* End PBXGroup section */

/* Begin PBXNativeTarget section */
		FC0351B01C5D7B7F00341BB3 /* UnicornLeapTests */ = {
			isa = PBXNativeTarget;
			buildConfigurationList = FC0351B61C5D7B7F00341BB3 /* Build configuration list for PBXNativeTarget "UnicornLeapTests" */;
			buildPhases = (
				FC0351AD1C5D7B7F00341BB3 /* Sources */,
				FC0351AE1C5D7B7F00341BB3 /* Frameworks */,
				FC0351AF1C5D7B7F00341BB3 /* Resources */,
			);
			buildRules = (
			);
			dependencies = (
			);
			name = UnicornLeapTests;
			productName = unicornleap_tests;
			productReference = FC0351B11C5D7B7F00341BB3 /* UnicornLeapTests.xctest */;
			productType = "com.apple.product-type.bundle.unit-test";
		};
		FC4656D41C5D21710069EA6F /* UnicornLeap */ = {
			isa = PBXNativeTarget;
			buildConfigurationList = FC4656DC1C5D21710069EA6F /* Build configuration list for PBXNativeTarget "UnicornLeap" */;
			buildPhases = (
				FC4656D11C5D21710069EA6F /* Sources */,
				FC4656D21C5D21710069EA6F /* Frameworks */,
				FC4656D31C5D21710069EA6F /* CopyFiles */,
			);
			buildRules = (
			);
			dependencies = (
			);
			name = UnicornLeap;
			productName = unicornleap;
			productReference = FC4656D51C5D21710069EA6F /* UnicornLeap */;
			productType = "com.apple.product-type.tool";
		};
/* End PBXNativeTarget section */

/* Begin PBXProject section */
		FC4656CD1C5D21710069EA6F /* Project object */ = {
			isa = PBXProject;
			attributes = {
				LastSwiftUpdateCheck = 0720;
				LastUpgradeCheck = 0800;
				ORGANIZATIONNAME = "Jon Allured";
				TargetAttributes = {
					FC0351B01C5D7B7F00341BB3 = {
						CreatedOnToolsVersion = 7.2;
						LastSwiftMigration = 0800;
					};
					FC4656D41C5D21710069EA6F = {
						CreatedOnToolsVersion = 7.2;
						LastSwiftMigration = 0800;
					};
				};
			};
			buildConfigurationList = FC4656D01C5D21710069EA6F /* Build configuration list for PBXProject "unicornleap" */;
			compatibilityVersion = "Xcode 3.2";
			developmentRegion = English;
			hasScannedForEncodings = 0;
			knownRegions = (
				en,
			);
			mainGroup = FC4656CC1C5D21710069EA6F;
			productRefGroup = FC4656D61C5D21710069EA6F /* Products */;
			projectDirPath = "";
			projectRoot = "";
			targets = (
				FC4656D41C5D21710069EA6F /* UnicornLeap */,
				FC0351B01C5D7B7F00341BB3 /* UnicornLeapTests */,
			);
		};
/* End PBXProject section */

/* Begin PBXResourcesBuildPhase section */
		FC0351AF1C5D7B7F00341BB3 /* Resources */ = {
			isa = PBXResourcesBuildPhase;
			buildActionMask = 2147483647;
			files = (
			);
			runOnlyForDeploymentPostprocessing = 0;
		};
/* End PBXResourcesBuildPhase section */

/* Begin PBXSourcesBuildPhase section */
		FC0351AD1C5D7B7F00341BB3 /* Sources */ = {
			isa = PBXSourcesBuildPhase;
			buildActionMask = 2147483647;
			files = (
				FC0351C01C62414400341BB3 /* Leap.swift in Sources */,
				FCC248D21C654E1D00984E72 /* UnicornImage.swift in Sources */,
				FC44700F1C6558C200A7635E /* main.swift in Sources */,
				FC0351BD1C60F05400341BB3 /* CommandTests.swift in Sources */,
				FCC248CF1C654DDC00984E72 /* SparkleImage.swift in Sources */,
				FC0B91DE1C65345700BADED4 /* FloatingWindow.swift in Sources */,
				FC0B91DF1C65345D00BADED4 /* LeapImage.swift in Sources */,
				FC0351BB1C5FA16000341BB3 /* Command.swift in Sources */,
			);
			runOnlyForDeploymentPostprocessing = 0;
		};
		FC4656D11C5D21710069EA6F /* Sources */ = {
			isa = PBXSourcesBuildPhase;
			buildActionMask = 2147483647;
			files = (
				FC0351BF1C62414400341BB3 /* Leap.swift in Sources */,
				FCC248D11C654E1D00984E72 /* UnicornImage.swift in Sources */,
				FC4656D91C5D21710069EA6F /* main.swift in Sources */,
				FCC248CE1C654DDC00984E72 /* SparkleImage.swift in Sources */,
				FC0B91D81C63932900BADED4 /* FloatingWindow.swift in Sources */,
				FC0B91DA1C63976900BADED4 /* LeapImage.swift in Sources */,
				FC0351BA1C5FA16000341BB3 /* Command.swift in Sources */,
			);
			runOnlyForDeploymentPostprocessing = 0;
		};
/* End PBXSourcesBuildPhase section */

/* Begin XCBuildConfiguration section */
		FC0351B71C5D7B7F00341BB3 /* Debug */ = {
			isa = XCBuildConfiguration;
			buildSettings = {
				COMBINE_HIDPI_IMAGES = YES;
				INFOPLIST_FILE = UnicornLeapTests/Info.plist;
				LD_RUNPATH_SEARCH_PATHS = "$(inherited) @executable_path/../Frameworks @loader_path/../Frameworks";
				PRODUCT_BUNDLE_IDENTIFIER = "com.jonallured.unicornleap-tests";
				PRODUCT_NAME = "$(TARGET_NAME)";
				SWIFT_VERSION = 3.0;
			};
			name = Debug;
		};
		FC0351B81C5D7B7F00341BB3 /* Release */ = {
			isa = XCBuildConfiguration;
			buildSettings = {
				COMBINE_HIDPI_IMAGES = YES;
				INFOPLIST_FILE = UnicornLeapTests/Info.plist;
				LD_RUNPATH_SEARCH_PATHS = "$(inherited) @executable_path/../Frameworks @loader_path/../Frameworks";
				PRODUCT_BUNDLE_IDENTIFIER = "com.jonallured.unicornleap-tests";
				PRODUCT_NAME = "$(TARGET_NAME)";
				SWIFT_VERSION = 3.0;
			};
			name = Release;
		};
		FC4656DA1C5D21710069EA6F /* Debug */ = {
			isa = XCBuildConfiguration;
			buildSettings = {
				ALWAYS_SEARCH_USER_PATHS = NO;
				CLANG_CXX_LANGUAGE_STANDARD = "gnu++0x";
				CLANG_CXX_LIBRARY = "libc++";
				CLANG_ENABLE_MODULES = YES;
				CLANG_ENABLE_OBJC_ARC = YES;
				CLANG_WARN_BOOL_CONVERSION = YES;
				CLANG_WARN_CONSTANT_CONVERSION = YES;
				CLANG_WARN_DIRECT_OBJC_ISA_USAGE = YES_ERROR;
				CLANG_WARN_EMPTY_BODY = YES;
				CLANG_WARN_ENUM_CONVERSION = YES;
				CLANG_WARN_INFINITE_RECURSION = YES;
				CLANG_WARN_INT_CONVERSION = YES;
				CLANG_WARN_OBJC_ROOT_CLASS = YES_ERROR;
				CLANG_WARN_SUSPICIOUS_MOVE = YES;
				CLANG_WARN_UNREACHABLE_CODE = YES;
				CLANG_WARN__DUPLICATE_METHOD_MATCH = YES;
				CODE_SIGN_IDENTITY = "-";
				COPY_PHASE_STRIP = NO;
				DEBUG_INFORMATION_FORMAT = dwarf;
				ENABLE_STRICT_OBJC_MSGSEND = YES;
				ENABLE_TESTABILITY = YES;
				GCC_C_LANGUAGE_STANDARD = gnu99;
				GCC_DYNAMIC_NO_PIC = NO;
				GCC_NO_COMMON_BLOCKS = YES;
				GCC_OPTIMIZATION_LEVEL = 0;
				GCC_PREPROCESSOR_DEFINITIONS = (
					"DEBUG=1",
					"$(inherited)",
				);
				GCC_WARN_64_TO_32_BIT_CONVERSION = YES;
				GCC_WARN_ABOUT_RETURN_TYPE = YES_ERROR;
				GCC_WARN_UNDECLARED_SELECTOR = YES;
				GCC_WARN_UNINITIALIZED_AUTOS = YES_AGGRESSIVE;
				GCC_WARN_UNUSED_FUNCTION = YES;
				GCC_WARN_UNUSED_VARIABLE = YES;
				MACOSX_DEPLOYMENT_TARGET = 10.9;
				MTL_ENABLE_DEBUG_INFO = YES;
				ONLY_ACTIVE_ARCH = YES;
				SDKROOT = macosx;
				SWIFT_OPTIMIZATION_LEVEL = "-Onone";
			};
			name = Debug;
		};
		FC4656DB1C5D21710069EA6F /* Release */ = {
			isa = XCBuildConfiguration;
			buildSettings = {
				ALWAYS_SEARCH_USER_PATHS = NO;
				CLANG_CXX_LANGUAGE_STANDARD = "gnu++0x";
				CLANG_CXX_LIBRARY = "libc++";
				CLANG_ENABLE_MODULES = YES;
				CLANG_ENABLE_OBJC_ARC = YES;
				CLANG_WARN_BOOL_CONVERSION = YES;
				CLANG_WARN_CONSTANT_CONVERSION = YES;
				CLANG_WARN_DIRECT_OBJC_ISA_USAGE = YES_ERROR;
				CLANG_WARN_EMPTY_BODY = YES;
				CLANG_WARN_ENUM_CONVERSION = YES;
				CLANG_WARN_INFINITE_RECURSION = YES;
				CLANG_WARN_INT_CONVERSION = YES;
				CLANG_WARN_OBJC_ROOT_CLASS = YES_ERROR;
				CLANG_WARN_SUSPICIOUS_MOVE = YES;
				CLANG_WARN_UNREACHABLE_CODE = YES;
				CLANG_WARN__DUPLICATE_METHOD_MATCH = YES;
				CODE_SIGN_IDENTITY = "-";
				COPY_PHASE_STRIP = NO;
				DEBUG_INFORMATION_FORMAT = "dwarf-with-dsym";
				ENABLE_NS_ASSERTIONS = NO;
				ENABLE_STRICT_OBJC_MSGSEND = YES;
				GCC_C_LANGUAGE_STANDARD = gnu99;
				GCC_NO_COMMON_BLOCKS = YES;
				GCC_WARN_64_TO_32_BIT_CONVERSION = YES;
				GCC_WARN_ABOUT_RETURN_TYPE = YES_ERROR;
				GCC_WARN_UNDECLARED_SELECTOR = YES;
				GCC_WARN_UNINITIALIZED_AUTOS = YES_AGGRESSIVE;
				GCC_WARN_UNUSED_FUNCTION = YES;
				GCC_WARN_UNUSED_VARIABLE = YES;
				MACOSX_DEPLOYMENT_TARGET = 10.9;
				MTL_ENABLE_DEBUG_INFO = NO;
				SDKROOT = macosx;
				SWIFT_OPTIMIZATION_LEVEL = "-Owholemodule";
			};
			name = Release;
		};
		FC4656DD1C5D21710069EA6F /* Debug */ = {
			isa = XCBuildConfiguration;
			buildSettings = {
				PRODUCT_NAME = "$(TARGET_NAME)";
				SWIFT_VERSION = 3.0;
			};
			name = Debug;
		};
		FC4656DE1C5D21710069EA6F /* Release */ = {
			isa = XCBuildConfiguration;
			buildSettings = {
				PRODUCT_NAME = "$(TARGET_NAME)";
				SWIFT_VERSION = 3.0;
			};
			name = Release;
		};
/* End XCBuildConfiguration section */

/* Begin XCConfigurationList section */
		FC0351B61C5D7B7F00341BB3 /* Build configuration list for PBXNativeTarget "UnicornLeapTests" */ = {
			isa = XCConfigurationList;
			buildConfigurations = (
				FC0351B71C5D7B7F00341BB3 /* Debug */,
				FC0351B81C5D7B7F00341BB3 /* Release */,
			);
			defaultConfigurationIsVisible = 0;
			defaultConfigurationName = Release;
		};
		FC4656D01C5D21710069EA6F /* Build configuration list for PBXProject "unicornleap" */ = {
			isa = XCConfigurationList;
			buildConfigurations = (
				FC4656DA1C5D21710069EA6F /* Debug */,
				FC4656DB1C5D21710069EA6F /* Release */,
			);
			defaultConfigurationIsVisible = 0;
			defaultConfigurationName = Release;
		};
		FC4656DC1C5D21710069EA6F /* Build configuration list for PBXNativeTarget "UnicornLeap" */ = {
			isa = XCConfigurationList;
			buildConfigurations = (
				FC4656DD1C5D21710069EA6F /* Debug */,
				FC4656DE1C5D21710069EA6F /* Release */,
			);
			defaultConfigurationIsVisible = 0;
			defaultConfigurationName = Release;
		};
/* End XCConfigurationList section */
	};
	rootObject = FC4656CD1C5D21710069EA6F /* Project object */;
}
