// !$*UTF8*$!
{
	archiveVersion = 1;
	classes = {
	};
	objectVersion = 46;
	objects = {

/* Begin PBXBuildFile section */
		9A2C9C6116E6D87400F945D4 /* QuartzCore.framework in Frameworks */ = {isa = PBXBuildFile; fileRef = 9A2C9C6016E6D87400F945D4 /* QuartzCore.framework */; };
		9A2C9C6316E6D87A00F945D4 /* Cocoa.framework in Frameworks */ = {isa = PBXBuildFile; fileRef = 9A2C9C6216E6D87A00F945D4 /* Cocoa.framework */; };
		9A2C9C6416E6D8B000F945D4 /* main.m in Sources */ = {isa = PBXBuildFile; fileRef = 9A2C9C5D16E6D7EA00F945D4 /* main.m */; };
/* End PBXBuildFile section */

/* Begin PBXCopyFilesBuildPhase section */
		9ABBBE3A16E6D68B00E12E46 /* CopyFiles */ = {
			isa = PBXCopyFilesBuildPhase;
			buildActionMask = 2147483647;
			dstPath = /usr/share/man/man1/;
			dstSubfolderSpec = 0;
			files = (
			);
			runOnlyForDeploymentPostprocessing = 1;
		};
/* End PBXCopyFilesBuildPhase section */

/* Begin PBXFileReference section */
		9A2C9C5D16E6D7EA00F945D4 /* main.m */ = {isa = PBXFileReference; lastKnownFileType = sourcecode.c.objc; path = main.m; sourceTree = "<group>"; };
		9A2C9C5E16E6D7EA00F945D4 /* unicorn.png */ = {isa = PBXFileReference; lastKnownFileType = image.png; path = unicorn.png; sourceTree = "<group>"; };
		9A2C9C5F16E6D7EA00F945D4 /* unicornleap.1 */ = {isa = PBXFileReference; lastKnownFileType = text.man; path = unicornleap.1; sourceTree = "<group>"; };
		9A2C9C6016E6D87400F945D4 /* QuartzCore.framework */ = {isa = PBXFileReference; lastKnownFileType = wrapper.framework; name = QuartzCore.framework; path = System/Library/Frameworks/QuartzCore.framework; sourceTree = SDKROOT; };
		9A2C9C6216E6D87A00F945D4 /* Cocoa.framework */ = {isa = PBXFileReference; lastKnownFileType = wrapper.framework; name = Cocoa.framework; path = System/Library/Frameworks/Cocoa.framework; sourceTree = SDKROOT; };
		9ABBBE3C16E6D68B00E12E46 /* unicornleap */ = {isa = PBXFileReference; explicitFileType = "compiled.mach-o.executable"; includeInIndex = 0; path = unicornleap; sourceTree = BUILT_PRODUCTS_DIR; };
/* End PBXFileReference section */

/* Begin PBXFrameworksBuildPhase section */
		9ABBBE3916E6D68B00E12E46 /* Frameworks */ = {
			isa = PBXFrameworksBuildPhase;
			buildActionMask = 2147483647;
			files = (
				9A2C9C6316E6D87A00F945D4 /* Cocoa.framework in Frameworks */,
				9A2C9C6116E6D87400F945D4 /* QuartzCore.framework in Frameworks */,
			);
			runOnlyForDeploymentPostprocessing = 0;
		};
/* End PBXFrameworksBuildPhase section */

/* Begin PBXGroup section */
		9ABBBE3316E6D68B00E12E46 = {
			isa = PBXGroup;
			children = (
				9A2C9C5D16E6D7EA00F945D4 /* main.m */,
				9A2C9C5E16E6D7EA00F945D4 /* unicorn.png */,
				9A2C9C5F16E6D7EA00F945D4 /* unicornleap.1 */,
				9ABBBE3E16E6D68B00E12E46 /* Frameworks */,
				9ABBBE3D16E6D68B00E12E46 /* Products */,
			);
			sourceTree = "<group>";
		};
		9ABBBE3D16E6D68B00E12E46 /* Products */ = {
			isa = PBXGroup;
			children = (
				9ABBBE3C16E6D68B00E12E46 /* unicornleap */,
			);
			name = Products;
			sourceTree = "<group>";
		};
		9ABBBE3E16E6D68B00E12E46 /* Frameworks */ = {
			isa = PBXGroup;
			children = (
				9A2C9C6016E6D87400F945D4 /* QuartzCore.framework */,
				9A2C9C6216E6D87A00F945D4 /* Cocoa.framework */,
			);
			name = Frameworks;
			sourceTree = "<group>";
		};
/* End PBXGroup section */

/* Begin PBXNativeTarget section */
		9ABBBE3B16E6D68B00E12E46 /* unicornleap */ = {
			isa = PBXNativeTarget;
			buildConfigurationList = 9ABBBE4816E6D68B00E12E46 /* Build configuration list for PBXNativeTarget "unicornleap" */;
			buildPhases = (
				9ABBBE3816E6D68B00E12E46 /* Sources */,
				9ABBBE3916E6D68B00E12E46 /* Frameworks */,
				9ABBBE3A16E6D68B00E12E46 /* CopyFiles */,
			);
			buildRules = (
			);
			dependencies = (
			);
			name = unicornleap;
			productName = unicornleap;
			productReference = 9ABBBE3C16E6D68B00E12E46 /* unicornleap */;
			productType = "com.apple.product-type.tool";
		};
/* End PBXNativeTarget section */

/* Begin PBXProject section */
		9ABBBE3416E6D68B00E12E46 /* Project object */ = {
			isa = PBXProject;
			attributes = {
				LastUpgradeCheck = 0620;
				ORGANIZATIONNAME = "Joshua Davey";
			};
			buildConfigurationList = 9ABBBE3716E6D68B00E12E46 /* Build configuration list for PBXProject "unicornleap" */;
			compatibilityVersion = "Xcode 3.2";
			developmentRegion = English;
			hasScannedForEncodings = 0;
			knownRegions = (
				en,
			);
			mainGroup = 9ABBBE3316E6D68B00E12E46;
			productRefGroup = 9ABBBE3D16E6D68B00E12E46 /* Products */;
			projectDirPath = "";
			projectRoot = "";
			targets = (
				9ABBBE3B16E6D68B00E12E46 /* unicornleap */,
			);
		};
/* End PBXProject section */

/* Begin PBXSourcesBuildPhase section */
		9ABBBE3816E6D68B00E12E46 /* Sources */ = {
			isa = PBXSourcesBuildPhase;
			buildActionMask = 2147483647;
			files = (
				9A2C9C6416E6D8B000F945D4 /* main.m in Sources */,
			);
			runOnlyForDeploymentPostprocessing = 0;
		};
/* End PBXSourcesBuildPhase section */

/* Begin XCBuildConfiguration section */
		9ABBBE4616E6D68B00E12E46 /* Debug */ = {
			isa = XCBuildConfiguration;
			buildSettings = {
				ALWAYS_SEARCH_USER_PATHS = NO;
				CLANG_CXX_LANGUAGE_STANDARD = "gnu++0x";
				CLANG_CXX_LIBRARY = "libc++";
				CLANG_WARN_CONSTANT_CONVERSION = YES;
				CLANG_WARN_EMPTY_BODY = YES;
				CLANG_WARN_ENUM_CONVERSION = YES;
				CLANG_WARN_INT_CONVERSION = YES;
				CLANG_WARN__DUPLICATE_METHOD_MATCH = YES;
				COPY_PHASE_STRIP = NO;
				GCC_C_LANGUAGE_STANDARD = gnu99;
				GCC_DYNAMIC_NO_PIC = NO;
				GCC_ENABLE_OBJC_EXCEPTIONS = YES;
				GCC_OPTIMIZATION_LEVEL = 0;
				GCC_PREPROCESSOR_DEFINITIONS = (
					"DEBUG=1",
					"$(inherited)",
				);
				GCC_SYMBOLS_PRIVATE_EXTERN = NO;
				GCC_WARN_64_TO_32_BIT_CONVERSION = YES;
				GCC_WARN_ABOUT_RETURN_TYPE = YES;
				GCC_WARN_UNINITIALIZED_AUTOS = YES;
				GCC_WARN_UNUSED_VARIABLE = YES;
				MACOSX_DEPLOYMENT_TARGET = 10.8;
				ONLY_ACTIVE_ARCH = YES;
				SDKROOT = macosx;
			};
			name = Debug;
		};
		9ABBBE4716E6D68B00E12E46 /* Release */ = {
			isa = XCBuildConfiguration;
			buildSettings = {
				ALWAYS_SEARCH_USER_PATHS = NO;
				CLANG_CXX_LANGUAGE_STANDARD = "gnu++0x";
				CLANG_CXX_LIBRARY = "libc++";
				CLANG_WARN_CONSTANT_CONVERSION = YES;
				CLANG_WARN_EMPTY_BODY = YES;
				CLANG_WARN_ENUM_CONVERSION = YES;
				CLANG_WARN_INT_CONVERSION = YES;
				CLANG_WARN__DUPLICATE_METHOD_MATCH = YES;
				COPY_PHASE_STRIP = YES;
				DEBUG_INFORMATION_FORMAT = "dwarf-with-dsym";
				GCC_C_LANGUAGE_STANDARD = gnu99;
				GCC_ENABLE_OBJC_EXCEPTIONS = YES;
				GCC_WARN_64_TO_32_BIT_CONVERSION = YES;
				GCC_WARN_ABOUT_RETURN_TYPE = YES;
				GCC_WARN_UNINITIALIZED_AUTOS = YES;
				GCC_WARN_UNUSED_VARIABLE = YES;
				MACOSX_DEPLOYMENT_TARGET = 10.8;
				SDKROOT = macosx;
			};
			name = Release;
		};
		9ABBBE4916E6D68B00E12E46 /* Debug */ = {
			isa = XCBuildConfiguration;
			buildSettings = {
				PRODUCT_NAME = "$(TARGET_NAME)";
			};
			name = Debug;
		};
		9ABBBE4A16E6D68B00E12E46 /* Release */ = {
			isa = XCBuildConfiguration;
			buildSettings = {
				PRODUCT_NAME = "$(TARGET_NAME)";
			};
			name = Release;
		};
/* End XCBuildConfiguration section */

/* Begin XCConfigurationList section */
		9ABBBE3716E6D68B00E12E46 /* Build configuration list for PBXProject "unicornleap" */ = {
			isa = XCConfigurationList;
			buildConfigurations = (
				9ABBBE4616E6D68B00E12E46 /* Debug */,
				9ABBBE4716E6D68B00E12E46 /* Release */,
			);
			defaultConfigurationIsVisible = 0;
			defaultConfigurationName = Release;
		};
		9ABBBE4816E6D68B00E12E46 /* Build configuration list for PBXNativeTarget "unicornleap" */ = {
			isa = XCConfigurationList;
			buildConfigurations = (
				9ABBBE4916E6D68B00E12E46 /* Debug */,
				9ABBBE4A16E6D68B00E12E46 /* Release */,
			);
			defaultConfigurationIsVisible = 0;
			defaultConfigurationName = Release;
		};
/* End XCConfigurationList section */
	};
	rootObject = 9ABBBE3416E6D68B00E12E46 /* Project object */;
}
